
Microsoft Visual Studio Solution File, Format Version 12.00
# Visual Studio 15
VisualStudioVersion = 15.0.27004.2006
MinimumVisualStudioVersion = 10.0.40219.1
Project("{9A19103F-16F7-4668-BE54-9A1E7A4F7556}") = "ClosedXML.Report", "ClosedXML.Report\ClosedXML.Report.csproj", "{DEF4A219-D1CF-42A2-A5AC-FE7F2F005AB0}"
EndProject
Project("{2150E333-8FDC-42A3-9474-1A3956D46DE8}") = "src", "src", "{885EF47A-C124-45F0-B979-303B30FB586B}"
EndProject
Project("{2150E333-8FDC-42A3-9474-1A3956D46DE8}") = "tests", "tests", "{8438BAA8-E968-4C14-9500-E3A52434E32A}"
EndProject
Project("{9A19103F-16F7-4668-BE54-9A1E7A4F7556}") = "ClosedXML.Report.Tests", "tests\ClosedXML.Report.Tests\ClosedXML.Report.Tests.csproj", "{D529A371-3AEA-4D02-9A0D-308A6276D411}"
EndProject
Project("{9A19103F-16F7-4668-BE54-9A1E7A4F7556}") = "TestRunner", "tests\TestRunner\TestRunner.csproj", "{43C972B0-8F93-474E-AD9C-E54FEEB71A9A}"
EndProject
Global
	GlobalSection(SolutionConfigurationPlatforms) = preSolution
		Debug|Any CPU = Debug|Any CPU
		Release 3.5|Any CPU = Release 3.5|Any CPU
		Release 4.5|Any CPU = Release 4.5|Any CPU
		Release 4.6|Any CPU = Release 4.6|Any CPU
		Release|Any CPU = Release|Any CPU
	EndGlobalSection
	GlobalSection(ProjectConfigurationPlatforms) = postSolution
		{DEF4A219-D1CF-42A2-A5AC-FE7F2F005AB0}.Debug|Any CPU.ActiveCfg = Debug|Any CPU
		{DEF4A219-D1CF-42A2-A5AC-FE7F2F005AB0}.Debug|Any CPU.Build.0 = Debug|Any CPU
		{DEF4A219-D1CF-42A2-A5AC-FE7F2F005AB0}.Release 3.5|Any CPU.ActiveCfg = Release 3.5|Any CPU
		{DEF4A219-D1CF-42A2-A5AC-FE7F2F005AB0}.Release 3.5|Any CPU.Build.0 = Release 3.5|Any CPU
		{DEF4A219-D1CF-42A2-A5AC-FE7F2F005AB0}.Release 4.5|Any CPU.ActiveCfg = Release|Any CPU
		{DEF4A219-D1CF-42A2-A5AC-FE7F2F005AB0}.Release 4.5|Any CPU.Build.0 = Release|Any CPU
		{DEF4A219-D1CF-42A2-A5AC-FE7F2F005AB0}.Release 4.6|Any CPU.ActiveCfg = Release|Any CPU
		{DEF4A219-D1CF-42A2-A5AC-FE7F2F005AB0}.Release 4.6|Any CPU.Build.0 = Release|Any CPU
		{DEF4A219-D1CF-42A2-A5AC-FE7F2F005AB0}.Release|Any CPU.ActiveCfg = Release|Any CPU
		{DEF4A219-D1CF-42A2-A5AC-FE7F2F005AB0}.Release|Any CPU.Build.0 = Release|Any CPU
		{D529A371-3AEA-4D02-9A0D-308A6276D411}.Debug|Any CPU.ActiveCfg = Debug|Any CPU
		{D529A371-3AEA-4D02-9A0D-308A6276D411}.Debug|Any CPU.Build.0 = Debug|Any CPU
		{D529A371-3AEA-4D02-9A0D-308A6276D411}.Release 3.5|Any CPU.ActiveCfg = Release|Any CPU
		{D529A371-3AEA-4D02-9A0D-308A6276D411}.Release 3.5|Any CPU.Build.0 = Release|Any CPU
		{D529A371-3AEA-4D02-9A0D-308A6276D411}.Release 4.5|Any CPU.ActiveCfg = Release|Any CPU
		{D529A371-3AEA-4D02-9A0D-308A6276D411}.Release 4.5|Any CPU.Build.0 = Release|Any CPU
		{D529A371-3AEA-4D02-9A0D-308A6276D411}.Release 4.6|Any CPU.ActiveCfg = Release|Any CPU
		{D529A371-3AEA-4D02-9A0D-308A6276D411}.Release 4.6|Any CPU.Build.0 = Release|Any CPU
		{D529A371-3AEA-4D02-9A0D-308A6276D411}.Release|Any CPU.ActiveCfg = Release|Any CPU
		{D529A371-3AEA-4D02-9A0D-308A6276D411}.Release|Any CPU.Build.0 = Release|Any CPU
		{43C972B0-8F93-474E-AD9C-E54FEEB71A9A}.Debug|Any CPU.ActiveCfg = Debug|Any CPU
		{43C972B0-8F93-474E-AD9C-E54FEEB71A9A}.Debug|Any CPU.Build.0 = Debug|Any CPU
		{43C972B0-8F93-474E-AD9C-E54FEEB71A9A}.Release 3.5|Any CPU.ActiveCfg = Release|Any CPU
		{43C972B0-8F93-474E-AD9C-E54FEEB71A9A}.Release 3.5|Any CPU.Build.0 = Release|Any CPU
		{43C972B0-8F93-474E-AD9C-E54FEEB71A9A}.Release 4.5|Any CPU.ActiveCfg = Release|Any CPU
		{43C972B0-8F93-474E-AD9C-E54FEEB71A9A}.Release 4.5|Any CPU.Build.0 = Release|Any CPU
		{43C972B0-8F93-474E-AD9C-E54FEEB71A9A}.Release 4.6|Any CPU.ActiveCfg = Release|Any CPU
		{43C972B0-8F93-474E-AD9C-E54FEEB71A9A}.Release 4.6|Any CPU.Build.0 = Release|Any CPU
		{43C972B0-8F93-474E-AD9C-E54FEEB71A9A}.Release|Any CPU.ActiveCfg = Release|Any CPU
		{43C972B0-8F93-474E-AD9C-E54FEEB71A9A}.Release|Any CPU.Build.0 = Release|Any CPU
	EndGlobalSection
	GlobalSection(SolutionProperties) = preSolution
		HideSolutionNode = FALSE
	EndGlobalSection
	GlobalSection(NestedProjects) = preSolution
		{DEF4A219-D1CF-42A2-A5AC-FE7F2F005AB0} = {885EF47A-C124-45F0-B979-303B30FB586B}
		{D529A371-3AEA-4D02-9A0D-308A6276D411} = {8438BAA8-E968-4C14-9500-E3A52434E32A}
		{43C972B0-8F93-474E-AD9C-E54FEEB71A9A} = {8438BAA8-E968-4C14-9500-E3A52434E32A}
	EndGlobalSection
	GlobalSection(ExtensibilityGlobals) = postSolution
		SolutionGuid = {42DA0EC5-D733-4746-9613-413A64EEDC4B}
	EndGlobalSection
EndGlobal
